
Microsoft Visual Studio Solution File, Format Version 12.00
# Visual Studio Version 17
VisualStudioVersion = 17.3.32825.248
MinimumVisualStudioVersion = 10.0.40219.1
Project("{FAE04EC0-301F-11D3-BF4B-00C04F79EFBC}") = "CPSC1012-Lab2-ReonelDuque", "CPSC1012-Lab2-ReonelDuque.csproj", "{868E6140-44B5-48A2-A754-4A9E3EFEF5F5}"
EndProject
Global
	GlobalSection(SolutionConfigurationPlatforms) = preSolution
		Debug|Any CPU = Debug|Any CPU
		Release|Any CPU = Release|Any CPU
	EndGlobalSection
	GlobalSection(ProjectConfigurationPlatforms) = postSolution
		{868E6140-44B5-48A2-A754-4A9E3EFEF5F5}.Debug|Any CPU.ActiveCfg = Debug|Any CPU
		{868E6140-44B5-48A2-A754-4A9E3EFEF5F5}.Debug|Any CPU.Build.0 = Debug|Any CPU
		{868E6140-44B5-48A2-A754-4A9E3EFEF5F5}.Release|Any CPU.ActiveCfg = Release|Any CPU
		{868E6140-44B5-48A2-A754-4A9E3EFEF5F5}.Release|Any CPU.Build.0 = Release|Any CPU
	EndGlobalSection
	GlobalSection(SolutionProperties) = preSolution
		HideSolutionNode = FALSE
	EndGlobalSection
	GlobalSection(ExtensibilityGlobals) = postSolution
		SolutionGuid = {097992C3-407A-4910-A207-B2F37A65E32D}
	EndGlobalSection
EndGlobal
