
Microsoft Visual Studio Solution File, Format Version 12.00
# Visual Studio Version 17
VisualStudioVersion = 17.3.32922.545
MinimumVisualStudioVersion = 10.0.40219.1
Project("{FAE04EC0-301F-11D3-BF4B-00C04F79EFBC}") = "CPSC1012-Lab5-ReonelDuque", "CPSC1012-Lab5-ReonelDuque.csproj", "{7953925C-FA5D-480B-B5C1-90313B914F01}"
EndProject
Global
	GlobalSection(SolutionConfigurationPlatforms) = preSolution
		Debug|Any CPU = Debug|Any CPU
		Release|Any CPU = Release|Any CPU
	EndGlobalSection
	GlobalSection(ProjectConfigurationPlatforms) = postSolution
		{7953925C-FA5D-480B-B5C1-90313B914F01}.Debug|Any CPU.ActiveCfg = Debug|Any CPU
		{7953925C-FA5D-480B-B5C1-90313B914F01}.Debug|Any CPU.Build.0 = Debug|Any CPU
		{7953925C-FA5D-480B-B5C1-90313B914F01}.Release|Any CPU.ActiveCfg = Release|Any CPU
		{7953925C-FA5D-480B-B5C1-90313B914F01}.Release|Any CPU.Build.0 = Release|Any CPU
	EndGlobalSection
	GlobalSection(SolutionProperties) = preSolution
		HideSolutionNode = FALSE
	EndGlobalSection
	GlobalSection(ExtensibilityGlobals) = postSolution
		SolutionGuid = {E4CC7625-17E5-4759-AE8E-4B15D5887741}
	EndGlobalSection
EndGlobal
