
Microsoft Visual Studio Solution File, Format Version 12.00
# Visual Studio Version 17
VisualStudioVersion = 17.3.32922.545
MinimumVisualStudioVersion = 10.0.40219.1
Project("{FAE04EC0-301F-11D3-BF4B-00C04F79EFBC}") = "CPSC1012-Lab6-ReonelDuque", "CPSC1012-Lab6-ReonelDuque.csproj", "{851F8322-3FDB-446F-98FC-921489386FF8}"
EndProject
Global
	GlobalSection(SolutionConfigurationPlatforms) = preSolution
		Debug|Any CPU = Debug|Any CPU
		Release|Any CPU = Release|Any CPU
	EndGlobalSection
	GlobalSection(ProjectConfigurationPlatforms) = postSolution
		{851F8322-3FDB-446F-98FC-921489386FF8}.Debug|Any CPU.ActiveCfg = Debug|Any CPU
		{851F8322-3FDB-446F-98FC-921489386FF8}.Debug|Any CPU.Build.0 = Debug|Any CPU
		{851F8322-3FDB-446F-98FC-921489386FF8}.Release|Any CPU.ActiveCfg = Release|Any CPU
		{851F8322-3FDB-446F-98FC-921489386FF8}.Release|Any CPU.Build.0 = Release|Any CPU
	EndGlobalSection
	GlobalSection(SolutionProperties) = preSolution
		HideSolutionNode = FALSE
	EndGlobalSection
	GlobalSection(ExtensibilityGlobals) = postSolution
		SolutionGuid = {3397F15F-C1BE-4F91-AD23-A7891A90D8F2}
	EndGlobalSection
EndGlobal
