
Microsoft Visual Studio Solution File, Format Version 12.00
# Visual Studio Version 17
VisualStudioVersion = 17.3.32819.101
MinimumVisualStudioVersion = 10.0.40219.1
Project("{FAE04EC0-301F-11D3-BF4B-00C04F79EFBC}") = "Unicorn Rescue Society", "Unicorn Rescue Society.csproj", "{8E275BE2-3F88-4111-ADB6-ABFD9CC7DF58}"
EndProject
Global
	GlobalSection(SolutionConfigurationPlatforms) = preSolution
		Debug|Any CPU = Debug|Any CPU
		Release|Any CPU = Release|Any CPU
	EndGlobalSection
	GlobalSection(ProjectConfigurationPlatforms) = postSolution
		{8E275BE2-3F88-4111-ADB6-ABFD9CC7DF58}.Debug|Any CPU.ActiveCfg = Debug|Any CPU
		{8E275BE2-3F88-4111-ADB6-ABFD9CC7DF58}.Debug|Any CPU.Build.0 = Debug|Any CPU
		{8E275BE2-3F88-4111-ADB6-ABFD9CC7DF58}.Release|Any CPU.ActiveCfg = Release|Any CPU
		{8E275BE2-3F88-4111-ADB6-ABFD9CC7DF58}.Release|Any CPU.Build.0 = Release|Any CPU
	EndGlobalSection
	GlobalSection(SolutionProperties) = preSolution
		HideSolutionNode = FALSE
	EndGlobalSection
	GlobalSection(ExtensibilityGlobals) = postSolution
		SolutionGuid = {E807D124-F499-4BF8-80A2-1A1B28B7C69F}
	EndGlobalSection
EndGlobal
